
Microsoft Visual Studio Solution File, Format Version 12.00
# Visual Studio Version 16
VisualStudioVersion = 16.0.30406.217
MinimumVisualStudioVersion = 10.0.40219.1
Project("{E24C65DC-7377-472B-9ABA-BC803B73C61A}") = "BanSachOnline", ".", "{9B8550F7-6600-468F-BEF1-8A5365193B9B}"
	ProjectSection(WebsiteProperties) = preProject
		TargetFrameworkMoniker = ".NETFramework,Version%3Dv4.0"
		Debug.AspNetCompiler.VirtualPath = "/localhost_49750"
		Debug.AspNetCompiler.PhysicalPath = "..\BanSachOnline\"
		Debug.AspNetCompiler.TargetPath = "PrecompiledWeb\localhost_49750\"
		Debug.AspNetCompiler.Updateable = "true"
		Debug.AspNetCompiler.ForceOverwrite = "true"
		Debug.AspNetCompiler.FixedNames = "false"
		Debug.AspNetCompiler.Debug = "True"
		Release.AspNetCompiler.VirtualPath = "/localhost_49750"
		Release.AspNetCompiler.PhysicalPath = "..\BanSachOnline\"
		Release.AspNetCompiler.TargetPath = "PrecompiledWeb\localhost_49750\"
		Release.AspNetCompiler.Updateable = "true"
		Release.AspNetCompiler.ForceOverwrite = "true"
		Release.AspNetCompiler.FixedNames = "false"
		Release.AspNetCompiler.Debug = "False"
		VWDPort = "49750"
		SlnRelativePath = "..\BanSachOnline\"
	EndProjectSection
EndProject
Project("{2150E333-8FDC-42A3-9474-1A3956D46DE8}") = "App_Data", "App_Data", "{A87F0AC0-8555-4969-8124-CE9411C91A1E}"
	ProjectSection(SolutionItems) = preProject
		BanSachOnline.mdf = BanSachOnline.mdf
		..\..\SQL_BanSachOnline.mdf = ..\..\SQL_BanSachOnline.mdf
		..\..\SQL_BanSachOnline_log.LDF = ..\..\SQL_BanSachOnline_log.LDF
	EndProjectSection
EndProject
Global
	GlobalSection(SolutionConfigurationPlatforms) = preSolution
		Debug|Any CPU = Debug|Any CPU
	EndGlobalSection
	GlobalSection(ProjectConfigurationPlatforms) = postSolution
		{9B8550F7-6600-468F-BEF1-8A5365193B9B}.Debug|Any CPU.ActiveCfg = Debug|Any CPU
		{9B8550F7-6600-468F-BEF1-8A5365193B9B}.Debug|Any CPU.Build.0 = Debug|Any CPU
	EndGlobalSection
	GlobalSection(SolutionProperties) = preSolution
		HideSolutionNode = FALSE
	EndGlobalSection
	GlobalSection(ExtensibilityGlobals) = postSolution
		SolutionGuid = {4892DF3F-C413-4041-9590-6F2CB5880CC5}
	EndGlobalSection
EndGlobal
